// !$*UTF8*$!
{
	archiveVersion = 1;
	classes = {
	};
	objectVersion = 56;
	objects = {

/* Begin PBXBuildFile section */
		8D745B7C2CA8E6AC00225FF1 /* UIHelper.swift in Sources */ = {isa = PBXBuildFile; fileRef = 8D745B7B2CA8E6AC00225FF1 /* UIHelper.swift */; };
		8D7D56442CA879E90096DEFC /* QFWordsCategoriesVC.swift in Sources */ = {isa = PBXBuildFile; fileRef = 8D7D56432CA879E90096DEFC /* QFWordsCategoriesVC.swift */; };
		8D7D56472CA87D560096DEFC /* AlphabetCell.swift in Sources */ = {isa = PBXBuildFile; fileRef = 8D7D56462CA87D560096DEFC /* AlphabetCell.swift */; };
		8D7D56492CA87EF20096DEFC /* WordCategoryCell.swift in Sources */ = {isa = PBXBuildFile; fileRef = 8D7D56482CA87EF20096DEFC /* WordCategoryCell.swift */; };
		8D7D564C2CA880940096DEFC /* QFCategoryImageView.swift in Sources */ = {isa = PBXBuildFile; fileRef = 8D7D564B2CA880940096DEFC /* QFCategoryImageView.swift */; };
		8D7D564E2CA88E4F0096DEFC /* Category.swift in Sources */ = {isa = PBXBuildFile; fileRef = 8D7D564D2CA88E4F0096DEFC /* Category.swift */; };
		8D806F1A2C93EB7F004D698A /* QFHomeHeaderVC.swift in Sources */ = {isa = PBXBuildFile; fileRef = 8D806F192C93EB7F004D698A /* QFHomeHeaderVC.swift */; };
		8D806F1C2C9403C7004D698A /* QFSecondaryTitleLabel.swift in Sources */ = {isa = PBXBuildFile; fileRef = 8D806F1B2C9403C7004D698A /* QFSecondaryTitleLabel.swift */; };
		8D806F1F2C9405B4004D698A /* Constants.swift in Sources */ = {isa = PBXBuildFile; fileRef = 8D806F1E2C9405B4004D698A /* Constants.swift */; };
		8D806F222C9409EA004D698A /* QFItemInfoVC.swift in Sources */ = {isa = PBXBuildFile; fileRef = 8D806F212C9409EA004D698A /* QFItemInfoVC.swift */; };
		8D806F242C940BD6004D698A /* QFAlphabetItemVC.swift in Sources */ = {isa = PBXBuildFile; fileRef = 8D806F232C940BD6004D698A /* QFAlphabetItemVC.swift */; };
		8D806F262C941BCF004D698A /* QFWordsItemVC.swift in Sources */ = {isa = PBXBuildFile; fileRef = 8D806F252C941BCF004D698A /* QFWordsItemVC.swift */; };
		8D806F282C941BDD004D698A /* QFPhrasesItemVC.swift in Sources */ = {isa = PBXBuildFile; fileRef = 8D806F272C941BDD004D698A /* QFPhrasesItemVC.swift */; };
		8D806F2B2C941EE5004D698A /* QFTipsItemVC.swift in Sources */ = {isa = PBXBuildFile; fileRef = 8D806F2A2C941EE5004D698A /* QFTipsItemVC.swift */; };
		8D818E102CA75E17002BD77F /* alphabet_Gg_male.mp3 in Resources */ = {isa = PBXBuildFile; fileRef = 8D818DF62CA75E17002BD77F /* alphabet_Gg_male.mp3 */; };
		8D818E112CA75E17002BD77F /* alphabet_Yy_male.mp3 in Resources */ = {isa = PBXBuildFile; fileRef = 8D818DF72CA75E17002BD77F /* alphabet_Yy_male.mp3 */; };
		8D818E122CA75E17002BD77F /* alphabet_Nn_male.mp3 in Resources */ = {isa = PBXBuildFile; fileRef = 8D818DF82CA75E17002BD77F /* alphabet_Nn_male.mp3 */; };
		8D818E132CA75E17002BD77F /* alphabet_Ww_male.mp3 in Resources */ = {isa = PBXBuildFile; fileRef = 8D818DF92CA75E17002BD77F /* alphabet_Ww_male.mp3 */; };
		8D818E142CA75E17002BD77F /* alphabet_Pp_male.mp3 in Resources */ = {isa = PBXBuildFile; fileRef = 8D818DFA2CA75E17002BD77F /* alphabet_Pp_male.mp3 */; };
		8D818E152CA75E17002BD77F /* alphabet_Ii_male.mp3 in Resources */ = {isa = PBXBuildFile; fileRef = 8D818DFB2CA75E17002BD77F /* alphabet_Ii_male.mp3 */; };
		8D818E162CA75E17002BD77F /* alphabet_Rr_male.mp3 in Resources */ = {isa = PBXBuildFile; fileRef = 8D818DFC2CA75E17002BD77F /* alphabet_Rr_male.mp3 */; };
		8D818E172CA75E17002BD77F /* alphabet_Kk_male.mp3 in Resources */ = {isa = PBXBuildFile; fileRef = 8D818DFD2CA75E17002BD77F /* alphabet_Kk_male.mp3 */; };
		8D818E182CA75E17002BD77F /* alphabet_Ll_male.mp3 in Resources */ = {isa = PBXBuildFile; fileRef = 8D818DFE2CA75E17002BD77F /* alphabet_Ll_male.mp3 */; };
		8D818E192CA75E17002BD77F /* alphabet_Uu_male.mp3 in Resources */ = {isa = PBXBuildFile; fileRef = 8D818DFF2CA75E17002BD77F /* alphabet_Uu_male.mp3 */; };
		8D818E1A2CA75E17002BD77F /* alphabet_Bb_male.mp3 in Resources */ = {isa = PBXBuildFile; fileRef = 8D818E002CA75E17002BD77F /* alphabet_Bb_male.mp3 */; };
		8D818E1B2CA75E17002BD77F /* alphabet_Ee_male.mp3 in Resources */ = {isa = PBXBuildFile; fileRef = 8D818E012CA75E17002BD77F /* alphabet_Ee_male.mp3 */; };
		8D818E1C2CA75E17002BD77F /* alphabet_Ff_male.mp3 in Resources */ = {isa = PBXBuildFile; fileRef = 8D818E022CA75E17002BD77F /* alphabet_Ff_male.mp3 */; };
		8D818E1D2CA75E17002BD77F /* alphabet_Xx_male.mp3 in Resources */ = {isa = PBXBuildFile; fileRef = 8D818E032CA75E17002BD77F /* alphabet_Xx_male.mp3 */; };
		8D818E1E2CA75E17002BD77F /* alphabet_Aa_male.mp3 in Resources */ = {isa = PBXBuildFile; fileRef = 8D818E042CA75E17002BD77F /* alphabet_Aa_male.mp3 */; };
		8D818E1F2CA75E17002BD77F /* alphabet_Vv_male.mp3 in Resources */ = {isa = PBXBuildFile; fileRef = 8D818E052CA75E17002BD77F /* alphabet_Vv_male.mp3 */; };
		8D818E202CA75E17002BD77F /* alphabet_Oo_male.mp3 in Resources */ = {isa = PBXBuildFile; fileRef = 8D818E062CA75E17002BD77F /* alphabet_Oo_male.mp3 */; };
		8D818E212CA75E17002BD77F /* alphabet_Hh_male.mp3 in Resources */ = {isa = PBXBuildFile; fileRef = 8D818E072CA75E17002BD77F /* alphabet_Hh_male.mp3 */; };
		8D818E222CA75E17002BD77F /* alphabet_Qq_male.mp3 in Resources */ = {isa = PBXBuildFile; fileRef = 8D818E082CA75E17002BD77F /* alphabet_Qq_male.mp3 */; };
		8D818E232CA75E17002BD77F /* alphabet_Jj_male.mp3 in Resources */ = {isa = PBXBuildFile; fileRef = 8D818E092CA75E17002BD77F /* alphabet_Jj_male.mp3 */; };
		8D818E242CA75E17002BD77F /* alphabet_Ss_male.mp3 in Resources */ = {isa = PBXBuildFile; fileRef = 8D818E0A2CA75E17002BD77F /* alphabet_Ss_male.mp3 */; };
		8D818E252CA75E17002BD77F /* alphabet_Tt_male.mp3 in Resources */ = {isa = PBXBuildFile; fileRef = 8D818E0B2CA75E17002BD77F /* alphabet_Tt_male.mp3 */; };
		8D818E262CA75E17002BD77F /* alphabet_Mm_male.mp3 in Resources */ = {isa = PBXBuildFile; fileRef = 8D818E0C2CA75E17002BD77F /* alphabet_Mm_male.mp3 */; };
		8D818E272CA75E17002BD77F /* alphabet_Zz_male.mp3 in Resources */ = {isa = PBXBuildFile; fileRef = 8D818E0D2CA75E17002BD77F /* alphabet_Zz_male.mp3 */; };
		8D818E282CA75E17002BD77F /* alphabet_Cc_male.mp3 in Resources */ = {isa = PBXBuildFile; fileRef = 8D818E0E2CA75E17002BD77F /* alphabet_Cc_male.mp3 */; };
		8D818E292CA75E17002BD77F /* alphabet_Dd_male.mp3 in Resources */ = {isa = PBXBuildFile; fileRef = 8D818E0F2CA75E17002BD77F /* alphabet_Dd_male.mp3 */; };
		8D818E2E2CA7C5EB002BD77F /* UIView+Ext.swift in Sources */ = {isa = PBXBuildFile; fileRef = 8D818E2D2CA7C5EB002BD77F /* UIView+Ext.swift */; };
		8D8488ED2C9E1AC700715368 /* QFFavoritesVC.swift in Sources */ = {isa = PBXBuildFile; fileRef = 8D8488EC2C9E1AC700715368 /* QFFavoritesVC.swift */; };
		8D8488F42C9E34DC00715368 /* AlphabetListVC.swift in Sources */ = {isa = PBXBuildFile; fileRef = 8D8488F32C9E34DC00715368 /* AlphabetListVC.swift */; };
		8D8488F72C9E394900715368 /* Alphabet.swift in Sources */ = {isa = PBXBuildFile; fileRef = 8D8488F62C9E394900715368 /* Alphabet.swift */; };
		8D848BDD2C923303001C1910 /* AppDelegate.swift in Sources */ = {isa = PBXBuildFile; fileRef = 8D848BDC2C923303001C1910 /* AppDelegate.swift */; };
		8D848BDF2C923303001C1910 /* SceneDelegate.swift in Sources */ = {isa = PBXBuildFile; fileRef = 8D848BDE2C923303001C1910 /* SceneDelegate.swift */; };
		8D848BE62C923306001C1910 /* Assets.xcassets in Resources */ = {isa = PBXBuildFile; fileRef = 8D848BE52C923306001C1910 /* Assets.xcassets */; };
		8D848BE92C923306001C1910 /* LaunchScreen.storyboard in Resources */ = {isa = PBXBuildFile; fileRef = 8D848BE72C923306001C1910 /* LaunchScreen.storyboard */; };
		8D848BF12C9233FB001C1910 /* QFTitleLabel.swift in Sources */ = {isa = PBXBuildFile; fileRef = 8D848BF02C9233FB001C1910 /* QFTitleLabel.swift */; };
		8D848BF32C923410001C1910 /* QFHomeVC.swift in Sources */ = {isa = PBXBuildFile; fileRef = 8D848BF22C923410001C1910 /* QFHomeVC.swift */; };
		8D848BF82C924DB2001C1910 /* QFFrenchFlagView.swift in Sources */ = {isa = PBXBuildFile; fileRef = 8D848BF72C924DB2001C1910 /* QFFrenchFlagView.swift */; };
		8D848BFA2C9251F7001C1910 /* QFProgressInfoView.swift in Sources */ = {isa = PBXBuildFile; fileRef = 8D848BF92C9251F7001C1910 /* QFProgressInfoView.swift */; };
		8D848BFE2C9268A1001C1910 /* QFProgressVC.swift in Sources */ = {isa = PBXBuildFile; fileRef = 8D848BFD2C9268A1001C1910 /* QFProgressVC.swift */; };
		8D848C002C926D0D001C1910 /* QFStreakProgressVC.swift in Sources */ = {isa = PBXBuildFile; fileRef = 8D848BFF2C926D0D001C1910 /* QFStreakProgressVC.swift */; };
		8D848C032C929131001C1910 /* QFItemInfoView.swift in Sources */ = {isa = PBXBuildFile; fileRef = 8D848C022C929131001C1910 /* QFItemInfoView.swift */; };
/* End PBXBuildFile section */

/* Begin PBXFileReference section */
		8D745B7B2CA8E6AC00225FF1 /* UIHelper.swift */ = {isa = PBXFileReference; lastKnownFileType = sourcecode.swift; path = UIHelper.swift; sourceTree = "<group>"; };
		8D7D56432CA879E90096DEFC /* QFWordsCategoriesVC.swift */ = {isa = PBXFileReference; lastKnownFileType = sourcecode.swift; path = QFWordsCategoriesVC.swift; sourceTree = "<group>"; };
		8D7D56462CA87D560096DEFC /* AlphabetCell.swift */ = {isa = PBXFileReference; fileEncoding = 4; lastKnownFileType = sourcecode.swift; path = AlphabetCell.swift; sourceTree = "<group>"; };
		8D7D56482CA87EF20096DEFC /* WordCategoryCell.swift */ = {isa = PBXFileReference; lastKnownFileType = sourcecode.swift; path = WordCategoryCell.swift; sourceTree = "<group>"; };
		8D7D564B2CA880940096DEFC /* QFCategoryImageView.swift */ = {isa = PBXFileReference; lastKnownFileType = sourcecode.swift; path = QFCategoryImageView.swift; sourceTree = "<group>"; };
		8D7D564D2CA88E4F0096DEFC /* Category.swift */ = {isa = PBXFileReference; lastKnownFileType = sourcecode.swift; path = Category.swift; sourceTree = "<group>"; };
		8D806F192C93EB7F004D698A /* QFHomeHeaderVC.swift */ = {isa = PBXFileReference; lastKnownFileType = sourcecode.swift; path = QFHomeHeaderVC.swift; sourceTree = "<group>"; };
		8D806F1B2C9403C7004D698A /* QFSecondaryTitleLabel.swift */ = {isa = PBXFileReference; lastKnownFileType = sourcecode.swift; path = QFSecondaryTitleLabel.swift; sourceTree = "<group>"; };
		8D806F1E2C9405B4004D698A /* Constants.swift */ = {isa = PBXFileReference; lastKnownFileType = sourcecode.swift; path = Constants.swift; sourceTree = "<group>"; };
		8D806F212C9409EA004D698A /* QFItemInfoVC.swift */ = {isa = PBXFileReference; lastKnownFileType = sourcecode.swift; path = QFItemInfoVC.swift; sourceTree = "<group>"; };
		8D806F232C940BD6004D698A /* QFAlphabetItemVC.swift */ = {isa = PBXFileReference; lastKnownFileType = sourcecode.swift; path = QFAlphabetItemVC.swift; sourceTree = "<group>"; };
		8D806F252C941BCF004D698A /* QFWordsItemVC.swift */ = {isa = PBXFileReference; lastKnownFileType = sourcecode.swift; path = QFWordsItemVC.swift; sourceTree = "<group>"; };
		8D806F272C941BDD004D698A /* QFPhrasesItemVC.swift */ = {isa = PBXFileReference; lastKnownFileType = sourcecode.swift; path = QFPhrasesItemVC.swift; sourceTree = "<group>"; };
		8D806F2A2C941EE5004D698A /* QFTipsItemVC.swift */ = {isa = PBXFileReference; lastKnownFileType = sourcecode.swift; path = QFTipsItemVC.swift; sourceTree = "<group>"; };
		8D818DF62CA75E17002BD77F /* alphabet_Gg_male.mp3 */ = {isa = PBXFileReference; lastKnownFileType = audio.mp3; path = alphabet_Gg_male.mp3; sourceTree = "<group>"; };
		8D818DF72CA75E17002BD77F /* alphabet_Yy_male.mp3 */ = {isa = PBXFileReference; lastKnownFileType = audio.mp3; path = alphabet_Yy_male.mp3; sourceTree = "<group>"; };
		8D818DF82CA75E17002BD77F /* alphabet_Nn_male.mp3 */ = {isa = PBXFileReference; lastKnownFileType = audio.mp3; path = alphabet_Nn_male.mp3; sourceTree = "<group>"; };
		8D818DF92CA75E17002BD77F /* alphabet_Ww_male.mp3 */ = {isa = PBXFileReference; lastKnownFileType = audio.mp3; path = alphabet_Ww_male.mp3; sourceTree = "<group>"; };
		8D818DFA2CA75E17002BD77F /* alphabet_Pp_male.mp3 */ = {isa = PBXFileReference; lastKnownFileType = audio.mp3; path = alphabet_Pp_male.mp3; sourceTree = "<group>"; };
		8D818DFB2CA75E17002BD77F /* alphabet_Ii_male.mp3 */ = {isa = PBXFileReference; lastKnownFileType = audio.mp3; path = alphabet_Ii_male.mp3; sourceTree = "<group>"; };
		8D818DFC2CA75E17002BD77F /* alphabet_Rr_male.mp3 */ = {isa = PBXFileReference; lastKnownFileType = audio.mp3; path = alphabet_Rr_male.mp3; sourceTree = "<group>"; };
		8D818DFD2CA75E17002BD77F /* alphabet_Kk_male.mp3 */ = {isa = PBXFileReference; lastKnownFileType = audio.mp3; path = alphabet_Kk_male.mp3; sourceTree = "<group>"; };
		8D818DFE2CA75E17002BD77F /* alphabet_Ll_male.mp3 */ = {isa = PBXFileReference; lastKnownFileType = audio.mp3; path = alphabet_Ll_male.mp3; sourceTree = "<group>"; };
		8D818DFF2CA75E17002BD77F /* alphabet_Uu_male.mp3 */ = {isa = PBXFileReference; lastKnownFileType = audio.mp3; path = alphabet_Uu_male.mp3; sourceTree = "<group>"; };
		8D818E002CA75E17002BD77F /* alphabet_Bb_male.mp3 */ = {isa = PBXFileReference; lastKnownFileType = audio.mp3; path = alphabet_Bb_male.mp3; sourceTree = "<group>"; };
		8D818E012CA75E17002BD77F /* alphabet_Ee_male.mp3 */ = {isa = PBXFileReference; lastKnownFileType = audio.mp3; path = alphabet_Ee_male.mp3; sourceTree = "<group>"; };
		8D818E022CA75E17002BD77F /* alphabet_Ff_male.mp3 */ = {isa = PBXFileReference; lastKnownFileType = audio.mp3; path = alphabet_Ff_male.mp3; sourceTree = "<group>"; };
		8D818E032CA75E17002BD77F /* alphabet_Xx_male.mp3 */ = {isa = PBXFileReference; lastKnownFileType = audio.mp3; path = alphabet_Xx_male.mp3; sourceTree = "<group>"; };
		8D818E042CA75E17002BD77F /* alphabet_Aa_male.mp3 */ = {isa = PBXFileReference; lastKnownFileType = audio.mp3; path = alphabet_Aa_male.mp3; sourceTree = "<group>"; };
		8D818E052CA75E17002BD77F /* alphabet_Vv_male.mp3 */ = {isa = PBXFileReference; lastKnownFileType = audio.mp3; path = alphabet_Vv_male.mp3; sourceTree = "<group>"; };
		8D818E062CA75E17002BD77F /* alphabet_Oo_male.mp3 */ = {isa = PBXFileReference; lastKnownFileType = audio.mp3; path = alphabet_Oo_male.mp3; sourceTree = "<group>"; };
		8D818E072CA75E17002BD77F /* alphabet_Hh_male.mp3 */ = {isa = PBXFileReference; lastKnownFileType = audio.mp3; path = alphabet_Hh_male.mp3; sourceTree = "<group>"; };
		8D818E082CA75E17002BD77F /* alphabet_Qq_male.mp3 */ = {isa = PBXFileReference; lastKnownFileType = audio.mp3; path = alphabet_Qq_male.mp3; sourceTree = "<group>"; };
		8D818E092CA75E17002BD77F /* alphabet_Jj_male.mp3 */ = {isa = PBXFileReference; lastKnownFileType = audio.mp3; path = alphabet_Jj_male.mp3; sourceTree = "<group>"; };
		8D818E0A2CA75E17002BD77F /* alphabet_Ss_male.mp3 */ = {isa = PBXFileReference; lastKnownFileType = audio.mp3; path = alphabet_Ss_male.mp3; sourceTree = "<group>"; };
		8D818E0B2CA75E17002BD77F /* alphabet_Tt_male.mp3 */ = {isa = PBXFileReference; lastKnownFileType = audio.mp3; path = alphabet_Tt_male.mp3; sourceTree = "<group>"; };
		8D818E0C2CA75E17002BD77F /* alphabet_Mm_male.mp3 */ = {isa = PBXFileReference; lastKnownFileType = audio.mp3; path = alphabet_Mm_male.mp3; sourceTree = "<group>"; };
		8D818E0D2CA75E17002BD77F /* alphabet_Zz_male.mp3 */ = {isa = PBXFileReference; lastKnownFileType = audio.mp3; path = alphabet_Zz_male.mp3; sourceTree = "<group>"; };
		8D818E0E2CA75E17002BD77F /* alphabet_Cc_male.mp3 */ = {isa = PBXFileReference; lastKnownFileType = audio.mp3; path = alphabet_Cc_male.mp3; sourceTree = "<group>"; };
		8D818E0F2CA75E17002BD77F /* alphabet_Dd_male.mp3 */ = {isa = PBXFileReference; lastKnownFileType = audio.mp3; path = alphabet_Dd_male.mp3; sourceTree = "<group>"; };
		8D818E2D2CA7C5EB002BD77F /* UIView+Ext.swift */ = {isa = PBXFileReference; lastKnownFileType = sourcecode.swift; path = "UIView+Ext.swift"; sourceTree = "<group>"; };
		8D8488EC2C9E1AC700715368 /* QFFavoritesVC.swift */ = {isa = PBXFileReference; lastKnownFileType = sourcecode.swift; path = QFFavoritesVC.swift; sourceTree = "<group>"; };
		8D8488F32C9E34DC00715368 /* AlphabetListVC.swift */ = {isa = PBXFileReference; lastKnownFileType = sourcecode.swift; path = AlphabetListVC.swift; sourceTree = "<group>"; };
		8D8488F62C9E394900715368 /* Alphabet.swift */ = {isa = PBXFileReference; lastKnownFileType = sourcecode.swift; path = Alphabet.swift; sourceTree = "<group>"; };
		8D848BD92C923303001C1910 /* QuizFrench.app */ = {isa = PBXFileReference; explicitFileType = wrapper.application; includeInIndex = 0; path = QuizFrench.app; sourceTree = BUILT_PRODUCTS_DIR; };
		8D848BDC2C923303001C1910 /* AppDelegate.swift */ = {isa = PBXFileReference; lastKnownFileType = sourcecode.swift; path = AppDelegate.swift; sourceTree = "<group>"; };
		8D848BDE2C923303001C1910 /* SceneDelegate.swift */ = {isa = PBXFileReference; lastKnownFileType = sourcecode.swift; path = SceneDelegate.swift; sourceTree = "<group>"; };
		8D848BE52C923306001C1910 /* Assets.xcassets */ = {isa = PBXFileReference; lastKnownFileType = folder.assetcatalog; path = Assets.xcassets; sourceTree = "<group>"; };
		8D848BE82C923306001C1910 /* Base */ = {isa = PBXFileReference; lastKnownFileType = file.storyboard; name = Base; path = Base.lproj/LaunchScreen.storyboard; sourceTree = "<group>"; };
		8D848BEA2C923306001C1910 /* Info.plist */ = {isa = PBXFileReference; lastKnownFileType = text.plist.xml; path = Info.plist; sourceTree = "<group>"; };
		8D848BF02C9233FB001C1910 /* QFTitleLabel.swift */ = {isa = PBXFileReference; lastKnownFileType = sourcecode.swift; path = QFTitleLabel.swift; sourceTree = "<group>"; };
		8D848BF22C923410001C1910 /* QFHomeVC.swift */ = {isa = PBXFileReference; lastKnownFileType = sourcecode.swift; path = QFHomeVC.swift; sourceTree = "<group>"; };
		8D848BF72C924DB2001C1910 /* QFFrenchFlagView.swift */ = {isa = PBXFileReference; lastKnownFileType = sourcecode.swift; path = QFFrenchFlagView.swift; sourceTree = "<group>"; };
		8D848BF92C9251F7001C1910 /* QFProgressInfoView.swift */ = {isa = PBXFileReference; lastKnownFileType = sourcecode.swift; path = QFProgressInfoView.swift; sourceTree = "<group>"; };
		8D848BFD2C9268A1001C1910 /* QFProgressVC.swift */ = {isa = PBXFileReference; lastKnownFileType = sourcecode.swift; path = QFProgressVC.swift; sourceTree = "<group>"; };
		8D848BFF2C926D0D001C1910 /* QFStreakProgressVC.swift */ = {isa = PBXFileReference; lastKnownFileType = sourcecode.swift; path = QFStreakProgressVC.swift; sourceTree = "<group>"; };
		8D848C022C929131001C1910 /* QFItemInfoView.swift */ = {isa = PBXFileReference; lastKnownFileType = sourcecode.swift; path = QFItemInfoView.swift; sourceTree = "<group>"; };
/* End PBXFileReference section */

/* Begin PBXFrameworksBuildPhase section */
		8D848BD62C923303001C1910 /* Frameworks */ = {
			isa = PBXFrameworksBuildPhase;
			buildActionMask = 2147483647;
			files = (
			);
			runOnlyForDeploymentPostprocessing = 0;
		};
/* End PBXFrameworksBuildPhase section */

/* Begin PBXGroup section */
		8D7D564A2CA8806C0096DEFC /* ImageViews */ = {
			isa = PBXGroup;
			children = (
				8D7D564B2CA880940096DEFC /* QFCategoryImageView.swift */,
			);
			path = ImageViews;
			sourceTree = "<group>";
		};
		8D806F182C93E7CF004D698A /* Labels */ = {
			isa = PBXGroup;
			children = (
				8D848BF02C9233FB001C1910 /* QFTitleLabel.swift */,
				8D806F1B2C9403C7004D698A /* QFSecondaryTitleLabel.swift */,
			);
			path = Labels;
			sourceTree = "<group>";
		};
		8D806F1D2C94059F004D698A /* Utilities */ = {
			isa = PBXGroup;
			children = (
				8D806F1E2C9405B4004D698A /* Constants.swift */,
			);
			path = Utilities;
			sourceTree = "<group>";
		};
		8D806F202C9409BE004D698A /* ItemInfoVCs */ = {
			isa = PBXGroup;
			children = (
				8D806F212C9409EA004D698A /* QFItemInfoVC.swift */,
				8D806F2A2C941EE5004D698A /* QFTipsItemVC.swift */,
				8D806F232C940BD6004D698A /* QFAlphabetItemVC.swift */,
				8D806F252C941BCF004D698A /* QFWordsItemVC.swift */,
				8D806F272C941BDD004D698A /* QFPhrasesItemVC.swift */,
			);
			path = ItemInfoVCs;
			sourceTree = "<group>";
		};
		8D818DF52CA75E17002BD77F /* alphabetAudios */ = {
			isa = PBXGroup;
			children = (
				8D818E042CA75E17002BD77F /* alphabet_Aa_male.mp3 */,
				8D818E002CA75E17002BD77F /* alphabet_Bb_male.mp3 */,
				8D818E0E2CA75E17002BD77F /* alphabet_Cc_male.mp3 */,
				8D818E0F2CA75E17002BD77F /* alphabet_Dd_male.mp3 */,
				8D818E012CA75E17002BD77F /* alphabet_Ee_male.mp3 */,
				8D818E022CA75E17002BD77F /* alphabet_Ff_male.mp3 */,
				8D818DF62CA75E17002BD77F /* alphabet_Gg_male.mp3 */,
				8D818E072CA75E17002BD77F /* alphabet_Hh_male.mp3 */,
				8D818DFB2CA75E17002BD77F /* alphabet_Ii_male.mp3 */,
				8D818E092CA75E17002BD77F /* alphabet_Jj_male.mp3 */,
				8D818DFD2CA75E17002BD77F /* alphabet_Kk_male.mp3 */,
				8D818DFE2CA75E17002BD77F /* alphabet_Ll_male.mp3 */,
				8D818E0C2CA75E17002BD77F /* alphabet_Mm_male.mp3 */,
				8D818DF82CA75E17002BD77F /* alphabet_Nn_male.mp3 */,
				8D818E062CA75E17002BD77F /* alphabet_Oo_male.mp3 */,
				8D818DFA2CA75E17002BD77F /* alphabet_Pp_male.mp3 */,
				8D818E082CA75E17002BD77F /* alphabet_Qq_male.mp3 */,
				8D818DFC2CA75E17002BD77F /* alphabet_Rr_male.mp3 */,
				8D818E0A2CA75E17002BD77F /* alphabet_Ss_male.mp3 */,
				8D818E0B2CA75E17002BD77F /* alphabet_Tt_male.mp3 */,
				8D818DFF2CA75E17002BD77F /* alphabet_Uu_male.mp3 */,
				8D818E052CA75E17002BD77F /* alphabet_Vv_male.mp3 */,
				8D818DF92CA75E17002BD77F /* alphabet_Ww_male.mp3 */,
				8D818E032CA75E17002BD77F /* alphabet_Xx_male.mp3 */,
				8D818DF72CA75E17002BD77F /* alphabet_Yy_male.mp3 */,
				8D818E0D2CA75E17002BD77F /* alphabet_Zz_male.mp3 */,
			);
			path = alphabetAudios;
			sourceTree = "<group>";
		};
		8D818E2A2CA7C4BA002BD77F /* Utilities */ = {
			isa = PBXGroup;
			children = (
				8D818E2D2CA7C5EB002BD77F /* UIView+Ext.swift */,
				8D745B7B2CA8E6AC00225FF1 /* UIHelper.swift */,
			);
			name = Utilities;
			path = ../Utilities;
			sourceTree = "<group>";
		};
		8D8488F02C9E2BC700715368 /* Cells */ = {
			isa = PBXGroup;
			children = (
				8D7D56462CA87D560096DEFC /* AlphabetCell.swift */,
				8D7D56482CA87EF20096DEFC /* WordCategoryCell.swift */,
			);
			path = Cells;
			sourceTree = "<group>";
		};
		8D8488F52C9E393500715368 /* Model */ = {
			isa = PBXGroup;
			children = (
				8D8488F62C9E394900715368 /* Alphabet.swift */,
				8D7D564D2CA88E4F0096DEFC /* Category.swift */,
			);
			path = Model;
			sourceTree = "<group>";
		};
		8D848BD02C923303001C1910 = {
			isa = PBXGroup;
			children = (
				8D818DF52CA75E17002BD77F /* alphabetAudios */,
				8D848BDB2C923303001C1910 /* QuizFrench */,
				8D848BDA2C923303001C1910 /* Products */,
			);
			sourceTree = "<group>";
		};
		8D848BDA2C923303001C1910 /* Products */ = {
			isa = PBXGroup;
			children = (
				8D848BD92C923303001C1910 /* QuizFrench.app */,
			);
			name = Products;
			sourceTree = "<group>";
		};
		8D848BDB2C923303001C1910 /* QuizFrench */ = {
			isa = PBXGroup;
			children = (
				8D7D564A2CA8806C0096DEFC /* ImageViews */,
				8D818E2A2CA7C4BA002BD77F /* Utilities */,
				8D8488F52C9E393500715368 /* Model */,
				8D806F1D2C94059F004D698A /* Utilities */,
				8D848BF52C924D6D001C1910 /* Custom Views */,
				8D8488F02C9E2BC700715368 /* Cells */,
				8D848C012C92736E001C1910 /* Screens */,
				8D848BDE2C923303001C1910 /* SceneDelegate.swift */,
				8D848BE52C923306001C1910 /* Assets.xcassets */,
				8D848BE72C923306001C1910 /* LaunchScreen.storyboard */,
				8D848BEA2C923306001C1910 /* Info.plist */,
			);
			path = QuizFrench;
			sourceTree = "<group>";
		};
		8D848BF52C924D6D001C1910 /* Custom Views */ = {
			isa = PBXGroup;
			children = (
				8D806F182C93E7CF004D698A /* Labels */,
				8D848BFC2C926870001C1910 /* ViewControllers */,
				8D848BF62C924D77001C1910 /* Views */,
			);
			path = "Custom Views";
			sourceTree = "<group>";
		};
		8D848BF62C924D77001C1910 /* Views */ = {
			isa = PBXGroup;
			children = (
				8D848BF72C924DB2001C1910 /* QFFrenchFlagView.swift */,
				8D848C022C929131001C1910 /* QFItemInfoView.swift */,
				8D848BFB2C9267E1001C1910 /* ProgressViews */,
			);
			path = Views;
			sourceTree = "<group>";
		};
		8D848BFB2C9267E1001C1910 /* ProgressViews */ = {
			isa = PBXGroup;
			children = (
				8D848BF92C9251F7001C1910 /* QFProgressInfoView.swift */,
			);
			path = ProgressViews;
			sourceTree = "<group>";
		};
		8D848BFC2C926870001C1910 /* ViewControllers */ = {
			isa = PBXGroup;
			children = (
				8D806F202C9409BE004D698A /* ItemInfoVCs */,
				8D806F192C93EB7F004D698A /* QFHomeHeaderVC.swift */,
				8D848BFD2C9268A1001C1910 /* QFProgressVC.swift */,
				8D848BFF2C926D0D001C1910 /* QFStreakProgressVC.swift */,
			);
			path = ViewControllers;
			sourceTree = "<group>";
		};
		8D848C012C92736E001C1910 /* Screens */ = {
			isa = PBXGroup;
			children = (
				8D848BDC2C923303001C1910 /* AppDelegate.swift */,
				8D8488EC2C9E1AC700715368 /* QFFavoritesVC.swift */,
				8D848BF22C923410001C1910 /* QFHomeVC.swift */,
				8D8488F32C9E34DC00715368 /* AlphabetListVC.swift */,
				8D7D56432CA879E90096DEFC /* QFWordsCategoriesVC.swift */,
			);
			path = Screens;
			sourceTree = "<group>";
		};
/* End PBXGroup section */

/* Begin PBXNativeTarget section */
		8D848BD82C923303001C1910 /* QuizFrench */ = {
			isa = PBXNativeTarget;
			buildConfigurationList = 8D848BED2C923306001C1910 /* Build configuration list for PBXNativeTarget "QuizFrench" */;
			buildPhases = (
				8D848BD52C923303001C1910 /* Sources */,
				8D848BD62C923303001C1910 /* Frameworks */,
				8D848BD72C923303001C1910 /* Resources */,
			);
			buildRules = (
			);
			dependencies = (
			);
			name = QuizFrench;
			productName = QuizFrench;
			productReference = 8D848BD92C923303001C1910 /* QuizFrench.app */;
			productType = "com.apple.product-type.application";
		};
/* End PBXNativeTarget section */

/* Begin PBXProject section */
		8D848BD12C923303001C1910 /* Project object */ = {
			isa = PBXProject;
			attributes = {
				BuildIndependentTargetsInParallel = 1;
				LastSwiftUpdateCheck = 1500;
				LastUpgradeCheck = 1500;
				TargetAttributes = {
					8D848BD82C923303001C1910 = {
						CreatedOnToolsVersion = 15.0.1;
					};
				};
			};
			buildConfigurationList = 8D848BD42C923303001C1910 /* Build configuration list for PBXProject "QuizFrench" */;
			compatibilityVersion = "Xcode 14.0";
			developmentRegion = en;
			hasScannedForEncodings = 0;
			knownRegions = (
				en,
				Base,
			);
			mainGroup = 8D848BD02C923303001C1910;
			productRefGroup = 8D848BDA2C923303001C1910 /* Products */;
			projectDirPath = "";
			projectRoot = "";
			targets = (
				8D848BD82C923303001C1910 /* QuizFrench */,
			);
		};
/* End PBXProject section */

/* Begin PBXResourcesBuildPhase section */
		8D848BD72C923303001C1910 /* Resources */ = {
			isa = PBXResourcesBuildPhase;
			buildActionMask = 2147483647;
			files = (
				8D818E1D2CA75E17002BD77F /* alphabet_Xx_male.mp3 in Resources */,
				8D818E222CA75E17002BD77F /* alphabet_Qq_male.mp3 in Resources */,
				8D818E232CA75E17002BD77F /* alphabet_Jj_male.mp3 in Resources */,
				8D818E132CA75E17002BD77F /* alphabet_Ww_male.mp3 in Resources */,
				8D818E272CA75E17002BD77F /* alphabet_Zz_male.mp3 in Resources */,
				8D818E122CA75E17002BD77F /* alphabet_Nn_male.mp3 in Resources */,
				8D818E152CA75E17002BD77F /* alphabet_Ii_male.mp3 in Resources */,
				8D818E1F2CA75E17002BD77F /* alphabet_Vv_male.mp3 in Resources */,
				8D818E102CA75E17002BD77F /* alphabet_Gg_male.mp3 in Resources */,
				8D818E252CA75E17002BD77F /* alphabet_Tt_male.mp3 in Resources */,
				8D818E1E2CA75E17002BD77F /* alphabet_Aa_male.mp3 in Resources */,
				8D818E262CA75E17002BD77F /* alphabet_Mm_male.mp3 in Resources */,
				8D818E172CA75E17002BD77F /* alphabet_Kk_male.mp3 in Resources */,
				8D818E212CA75E17002BD77F /* alphabet_Hh_male.mp3 in Resources */,
				8D818E1A2CA75E17002BD77F /* alphabet_Bb_male.mp3 in Resources */,
				8D848BE92C923306001C1910 /* LaunchScreen.storyboard in Resources */,
				8D818E282CA75E17002BD77F /* alphabet_Cc_male.mp3 in Resources */,
				8D818E202CA75E17002BD77F /* alphabet_Oo_male.mp3 in Resources */,
				8D818E192CA75E17002BD77F /* alphabet_Uu_male.mp3 in Resources */,
				8D818E1C2CA75E17002BD77F /* alphabet_Ff_male.mp3 in Resources */,
				8D818E1B2CA75E17002BD77F /* alphabet_Ee_male.mp3 in Resources */,
				8D818E162CA75E17002BD77F /* alphabet_Rr_male.mp3 in Resources */,
				8D818E112CA75E17002BD77F /* alphabet_Yy_male.mp3 in Resources */,
				8D818E242CA75E17002BD77F /* alphabet_Ss_male.mp3 in Resources */,
				8D818E292CA75E17002BD77F /* alphabet_Dd_male.mp3 in Resources */,
				8D818E182CA75E17002BD77F /* alphabet_Ll_male.mp3 in Resources */,
				8D818E142CA75E17002BD77F /* alphabet_Pp_male.mp3 in Resources */,
				8D848BE62C923306001C1910 /* Assets.xcassets in Resources */,
			);
			runOnlyForDeploymentPostprocessing = 0;
		};
/* End PBXResourcesBuildPhase section */

/* Begin PBXSourcesBuildPhase section */
		8D848BD52C923303001C1910 /* Sources */ = {
			isa = PBXSourcesBuildPhase;
			buildActionMask = 2147483647;
			files = (
				8D848BF32C923410001C1910 /* QFHomeVC.swift in Sources */,
				8D8488F42C9E34DC00715368 /* AlphabetListVC.swift in Sources */,
				8D848BF82C924DB2001C1910 /* QFFrenchFlagView.swift in Sources */,
				8D848C002C926D0D001C1910 /* QFStreakProgressVC.swift in Sources */,
				8D806F262C941BCF004D698A /* QFWordsItemVC.swift in Sources */,
				8D745B7C2CA8E6AC00225FF1 /* UIHelper.swift in Sources */,
				8D848BDD2C923303001C1910 /* AppDelegate.swift in Sources */,
				8D806F282C941BDD004D698A /* QFPhrasesItemVC.swift in Sources */,
				8D848BF12C9233FB001C1910 /* QFTitleLabel.swift in Sources */,
				8D806F1A2C93EB7F004D698A /* QFHomeHeaderVC.swift in Sources */,
				8D7D564E2CA88E4F0096DEFC /* Category.swift in Sources */,
				8D806F2B2C941EE5004D698A /* QFTipsItemVC.swift in Sources */,
				8D806F1C2C9403C7004D698A /* QFSecondaryTitleLabel.swift in Sources */,
				8D818E2E2CA7C5EB002BD77F /* UIView+Ext.swift in Sources */,
				8D7D56492CA87EF20096DEFC /* WordCategoryCell.swift in Sources */,
				8D848BDF2C923303001C1910 /* SceneDelegate.swift in Sources */,
				8D848BFA2C9251F7001C1910 /* QFProgressInfoView.swift in Sources */,
				8D806F242C940BD6004D698A /* QFAlphabetItemVC.swift in Sources */,
				8D806F222C9409EA004D698A /* QFItemInfoVC.swift in Sources */,
				8D8488ED2C9E1AC700715368 /* QFFavoritesVC.swift in Sources */,
				8D848C032C929131001C1910 /* QFItemInfoView.swift in Sources */,
				8D8488F72C9E394900715368 /* Alphabet.swift in Sources */,
				8D848BFE2C9268A1001C1910 /* QFProgressVC.swift in Sources */,
				8D7D564C2CA880940096DEFC /* QFCategoryImageView.swift in Sources */,
				8D7D56472CA87D560096DEFC /* AlphabetCell.swift in Sources */,
				8D7D56442CA879E90096DEFC /* QFWordsCategoriesVC.swift in Sources */,
				8D806F1F2C9405B4004D698A /* Constants.swift in Sources */,
			);
			runOnlyForDeploymentPostprocessing = 0;
		};
/* End PBXSourcesBuildPhase section */

/* Begin PBXVariantGroup section */
		8D848BE72C923306001C1910 /* LaunchScreen.storyboard */ = {
			isa = PBXVariantGroup;
			children = (
				8D848BE82C923306001C1910 /* Base */,
			);
			name = LaunchScreen.storyboard;
			sourceTree = "<group>";
		};
/* End PBXVariantGroup section */

/* Begin XCBuildConfiguration section */
		8D848BEB2C923306001C1910 /* Debug */ = {
			isa = XCBuildConfiguration;
			buildSettings = {
				ALWAYS_SEARCH_USER_PATHS = NO;
				ASSETCATALOG_COMPILER_GENERATE_SWIFT_ASSET_SYMBOL_EXTENSIONS = YES;
				CLANG_ANALYZER_NONNULL = YES;
				CLANG_ANALYZER_NUMBER_OBJECT_CONVERSION = YES_AGGRESSIVE;
				CLANG_CXX_LANGUAGE_STANDARD = "gnu++20";
				CLANG_ENABLE_MODULES = YES;
				CLANG_ENABLE_OBJC_ARC = YES;
				CLANG_ENABLE_OBJC_WEAK = YES;
				CLANG_WARN_BLOCK_CAPTURE_AUTORELEASING = YES;
				CLANG_WARN_BOOL_CONVERSION = YES;
				CLANG_WARN_COMMA = YES;
				CLANG_WARN_CONSTANT_CONVERSION = YES;
				CLANG_WARN_DEPRECATED_OBJC_IMPLEMENTATIONS = YES;
				CLANG_WARN_DIRECT_OBJC_ISA_USAGE = YES_ERROR;
				CLANG_WARN_DOCUMENTATION_COMMENTS = YES;
				CLANG_WARN_EMPTY_BODY = YES;
				CLANG_WARN_ENUM_CONVERSION = YES;
				CLANG_WARN_INFINITE_RECURSION = YES;
				CLANG_WARN_INT_CONVERSION = YES;
				CLANG_WARN_NON_LITERAL_NULL_CONVERSION = YES;
				CLANG_WARN_OBJC_IMPLICIT_RETAIN_SELF = YES;
				CLANG_WARN_OBJC_LITERAL_CONVERSION = YES;
				CLANG_WARN_OBJC_ROOT_CLASS = YES_ERROR;
				CLANG_WARN_QUOTED_INCLUDE_IN_FRAMEWORK_HEADER = YES;
				CLANG_WARN_RANGE_LOOP_ANALYSIS = YES;
				CLANG_WARN_STRICT_PROTOTYPES = YES;
				CLANG_WARN_SUSPICIOUS_MOVE = YES;
				CLANG_WARN_UNGUARDED_AVAILABILITY = YES_AGGRESSIVE;
				CLANG_WARN_UNREACHABLE_CODE = YES;
				CLANG_WARN__DUPLICATE_METHOD_MATCH = YES;
				COPY_PHASE_STRIP = NO;
				DEBUG_INFORMATION_FORMAT = dwarf;
				ENABLE_STRICT_OBJC_MSGSEND = YES;
				ENABLE_TESTABILITY = YES;
				ENABLE_USER_SCRIPT_SANDBOXING = YES;
				GCC_C_LANGUAGE_STANDARD = gnu17;
				GCC_DYNAMIC_NO_PIC = NO;
				GCC_NO_COMMON_BLOCKS = YES;
				GCC_OPTIMIZATION_LEVEL = 0;
				GCC_PREPROCESSOR_DEFINITIONS = (
					"DEBUG=1",
					"$(inherited)",
				);
				GCC_WARN_64_TO_32_BIT_CONVERSION = YES;
				GCC_WARN_ABOUT_RETURN_TYPE = YES_ERROR;
				GCC_WARN_UNDECLARED_SELECTOR = YES;
				GCC_WARN_UNINITIALIZED_AUTOS = YES_AGGRESSIVE;
				GCC_WARN_UNUSED_FUNCTION = YES;
				GCC_WARN_UNUSED_VARIABLE = YES;
				IPHONEOS_DEPLOYMENT_TARGET = 17.0;
				LOCALIZATION_PREFERS_STRING_CATALOGS = YES;
				MTL_ENABLE_DEBUG_INFO = INCLUDE_SOURCE;
				MTL_FAST_MATH = YES;
				ONLY_ACTIVE_ARCH = YES;
				SDKROOT = iphoneos;
				SWIFT_ACTIVE_COMPILATION_CONDITIONS = "DEBUG $(inherited)";
				SWIFT_OPTIMIZATION_LEVEL = "-Onone";
			};
			name = Debug;
		};
		8D848BEC2C923306001C1910 /* Release */ = {
			isa = XCBuildConfiguration;
			buildSettings = {
				ALWAYS_SEARCH_USER_PATHS = NO;
				ASSETCATALOG_COMPILER_GENERATE_SWIFT_ASSET_SYMBOL_EXTENSIONS = YES;
				CLANG_ANALYZER_NONNULL = YES;
				CLANG_ANALYZER_NUMBER_OBJECT_CONVERSION = YES_AGGRESSIVE;
				CLANG_CXX_LANGUAGE_STANDARD = "gnu++20";
				CLANG_ENABLE_MODULES = YES;
				CLANG_ENABLE_OBJC_ARC = YES;
				CLANG_ENABLE_OBJC_WEAK = YES;
				CLANG_WARN_BLOCK_CAPTURE_AUTORELEASING = YES;
				CLANG_WARN_BOOL_CONVERSION = YES;
				CLANG_WARN_COMMA = YES;
				CLANG_WARN_CONSTANT_CONVERSION = YES;
				CLANG_WARN_DEPRECATED_OBJC_IMPLEMENTATIONS = YES;
				CLANG_WARN_DIRECT_OBJC_ISA_USAGE = YES_ERROR;
				CLANG_WARN_DOCUMENTATION_COMMENTS = YES;
				CLANG_WARN_EMPTY_BODY = YES;
				CLANG_WARN_ENUM_CONVERSION = YES;
				CLANG_WARN_INFINITE_RECURSION = YES;
				CLANG_WARN_INT_CONVERSION = YES;
				CLANG_WARN_NON_LITERAL_NULL_CONVERSION = YES;
				CLANG_WARN_OBJC_IMPLICIT_RETAIN_SELF = YES;
				CLANG_WARN_OBJC_LITERAL_CONVERSION = YES;
				CLANG_WARN_OBJC_ROOT_CLASS = YES_ERROR;
				CLANG_WARN_QUOTED_INCLUDE_IN_FRAMEWORK_HEADER = YES;
				CLANG_WARN_RANGE_LOOP_ANALYSIS = YES;
				CLANG_WARN_STRICT_PROTOTYPES = YES;
				CLANG_WARN_SUSPICIOUS_MOVE = YES;
				CLANG_WARN_UNGUARDED_AVAILABILITY = YES_AGGRESSIVE;
				CLANG_WARN_UNREACHABLE_CODE = YES;
				CLANG_WARN__DUPLICATE_METHOD_MATCH = YES;
				COPY_PHASE_STRIP = NO;
				DEBUG_INFORMATION_FORMAT = "dwarf-with-dsym";
				ENABLE_NS_ASSERTIONS = NO;
				ENABLE_STRICT_OBJC_MSGSEND = YES;
				ENABLE_USER_SCRIPT_SANDBOXING = YES;
				GCC_C_LANGUAGE_STANDARD = gnu17;
				GCC_NO_COMMON_BLOCKS = YES;
				GCC_WARN_64_TO_32_BIT_CONVERSION = YES;
				GCC_WARN_ABOUT_RETURN_TYPE = YES_ERROR;
				GCC_WARN_UNDECLARED_SELECTOR = YES;
				GCC_WARN_UNINITIALIZED_AUTOS = YES_AGGRESSIVE;
				GCC_WARN_UNUSED_FUNCTION = YES;
				GCC_WARN_UNUSED_VARIABLE = YES;
				IPHONEOS_DEPLOYMENT_TARGET = 17.0;
				LOCALIZATION_PREFERS_STRING_CATALOGS = YES;
				MTL_ENABLE_DEBUG_INFO = NO;
				MTL_FAST_MATH = YES;
				SDKROOT = iphoneos;
				SWIFT_COMPILATION_MODE = wholemodule;
				VALIDATE_PRODUCT = YES;
			};
			name = Release;
		};
		8D848BEE2C923306001C1910 /* Debug */ = {
			isa = XCBuildConfiguration;
			buildSettings = {
				ASSETCATALOG_COMPILER_APPICON_NAME = AppIcon;
				ASSETCATALOG_COMPILER_GLOBAL_ACCENT_COLOR_NAME = AccentColor;
				CODE_SIGN_STYLE = Automatic;
				CURRENT_PROJECT_VERSION = 1;
				GENERATE_INFOPLIST_FILE = YES;
				INFOPLIST_FILE = QuizFrench/Info.plist;
				INFOPLIST_KEY_UIApplicationSupportsIndirectInputEvents = YES;
				INFOPLIST_KEY_UILaunchStoryboardName = LaunchScreen;
				INFOPLIST_KEY_UISupportedInterfaceOrientations_iPad = "UIInterfaceOrientationPortrait UIInterfaceOrientationPortraitUpsideDown UIInterfaceOrientationLandscapeLeft UIInterfaceOrientationLandscapeRight";
				INFOPLIST_KEY_UISupportedInterfaceOrientations_iPhone = "UIInterfaceOrientationPortrait UIInterfaceOrientationLandscapeLeft UIInterfaceOrientationLandscapeRight";
				IPHONEOS_DEPLOYMENT_TARGET = 14.0;
				LD_RUNPATH_SEARCH_PATHS = (
					"$(inherited)",
					"@executable_path/Frameworks",
				);
				MARKETING_VERSION = 1.0;
				PRODUCT_BUNDLE_IDENTIFIER = marcos.barbosa.QuizFrench;
				PRODUCT_NAME = "$(TARGET_NAME)";
				SWIFT_EMIT_LOC_STRINGS = YES;
				SWIFT_VERSION = 5.0;
				TARGETED_DEVICE_FAMILY = "1,2";
			};
			name = Debug;
		};
		8D848BEF2C923306001C1910 /* Release */ = {
			isa = XCBuildConfiguration;
			buildSettings = {
				ASSETCATALOG_COMPILER_APPICON_NAME = AppIcon;
				ASSETCATALOG_COMPILER_GLOBAL_ACCENT_COLOR_NAME = AccentColor;
				CODE_SIGN_STYLE = Automatic;
				CURRENT_PROJECT_VERSION = 1;
				GENERATE_INFOPLIST_FILE = YES;
				INFOPLIST_FILE = QuizFrench/Info.plist;
				INFOPLIST_KEY_UIApplicationSupportsIndirectInputEvents = YES;
				INFOPLIST_KEY_UILaunchStoryboardName = LaunchScreen;
				INFOPLIST_KEY_UISupportedInterfaceOrientations_iPad = "UIInterfaceOrientationPortrait UIInterfaceOrientationPortraitUpsideDown UIInterfaceOrientationLandscapeLeft UIInterfaceOrientationLandscapeRight";
				INFOPLIST_KEY_UISupportedInterfaceOrientations_iPhone = "UIInterfaceOrientationPortrait UIInterfaceOrientationLandscapeLeft UIInterfaceOrientationLandscapeRight";
				IPHONEOS_DEPLOYMENT_TARGET = 14.0;
				LD_RUNPATH_SEARCH_PATHS = (
					"$(inherited)",
					"@executable_path/Frameworks",
				);
				MARKETING_VERSION = 1.0;
				PRODUCT_BUNDLE_IDENTIFIER = marcos.barbosa.QuizFrench;
				PRODUCT_NAME = "$(TARGET_NAME)";
				SWIFT_EMIT_LOC_STRINGS = YES;
				SWIFT_VERSION = 5.0;
				TARGETED_DEVICE_FAMILY = "1,2";
			};
			name = Release;
		};
/* End XCBuildConfiguration section */

/* Begin XCConfigurationList section */
		8D848BD42C923303001C1910 /* Build configuration list for PBXProject "QuizFrench" */ = {
			isa = XCConfigurationList;
			buildConfigurations = (
				8D848BEB2C923306001C1910 /* Debug */,
				8D848BEC2C923306001C1910 /* Release */,
			);
			defaultConfigurationIsVisible = 0;
			defaultConfigurationName = Release;
		};
		8D848BED2C923306001C1910 /* Build configuration list for PBXNativeTarget "QuizFrench" */ = {
			isa = XCConfigurationList;
			buildConfigurations = (
				8D848BEE2C923306001C1910 /* Debug */,
				8D848BEF2C923306001C1910 /* Release */,
			);
			defaultConfigurationIsVisible = 0;
			defaultConfigurationName = Release;
		};
/* End XCConfigurationList section */
	};
	rootObject = 8D848BD12C923303001C1910 /* Project object */;
}
